// !$*UTF8*$!
{
	archiveVersion = 1;
	classes = {
	};
	objectVersion = 46;
	objects = {

/* Begin PBXAggregateTarget section */
		55C50EA5FB3E40CDBC7CF840 /* uninstall */ = {
			isa = PBXAggregateTarget;
			buildConfigurationList = B76B56C3EF10413DB2E2D0C1 /* Build configuration list for PBXAggregateTarget "uninstall" */;
			buildPhases = (
				14DF1D653125471F814DD616 /* CMake Rules */,
			);
			dependencies = (
			);
			name = uninstall;
			productName = uninstall;
		};
		770989E113B1401180847498 /* install */ = {
			isa = PBXAggregateTarget;
			buildConfigurationList = F2EF087902B54D5488ECCC66 /* Build configuration list for PBXAggregateTarget "install" */;
			buildPhases = (
				F3B26F0D78E04306AECAA274 /* CMake PostBuild Rules */,
			);
			dependencies = (
				8054D0E134E74D5D922C3F98 /* PBXTargetDependency */,
			);
			name = install;
			productName = install;
		};
		B5BDCD6C2D144A96B925FE65 /* ALL_BUILD */ = {
			isa = PBXAggregateTarget;
			buildConfigurationList = 01AEFE96CC77400CA3A80335 /* Build configuration list for PBXAggregateTarget "ALL_BUILD" */;
			buildPhases = (
				7BDC13BB4D294CF0AC5488ED /* CMake Rules */,
			);
			dependencies = (
				D49EC3DB950045B9B1776B79 /* PBXTargetDependency */,
				94CF5EFFC4F0454E965F1D10 /* PBXTargetDependency */,
				F12BD9BA4059451CB33831FA /* PBXTargetDependency */,
			);
			name = ALL_BUILD;
			productName = ALL_BUILD;
		};
		F8B2AB6B9B7F4E128CE4C9AB /* ZERO_CHECK */ = {
			isa = PBXAggregateTarget;
			buildConfigurationList = 52969949CAD644748C166BBC /* Build configuration list for PBXAggregateTarget "ZERO_CHECK" */;
			buildPhases = (
				A69172286D704E48B2C76C1A /* CMake Rules */,
			);
			dependencies = (
			);
			name = ZERO_CHECK;
			productName = ZERO_CHECK;
		};
/* End PBXAggregateTarget section */

/* Begin PBXBuildFile section */
		0871A840E48A4F2B8EE9ABE7 /* /Users/giancedrickepilan/dev/native/ffmpegApp1/lib/glfw/src/nsgl_context.m */ = {isa = PBXBuildFile; fileRef = F5DFC41448D2487C86B30931 /* /Users/giancedrickepilan/dev/native/ffmpegApp1/lib/glfw/src/nsgl_context.m */; };
		1280859313EC4222AD5E2593 /* /Users/giancedrickepilan/dev/native/ffmpegApp1/lib/glfw/src/cocoa_init.m */ = {isa = PBXBuildFile; fileRef = 9D890A4958354AABB56A1384 /* /Users/giancedrickepilan/dev/native/ffmpegApp1/lib/glfw/src/cocoa_init.m */; };
		159B9CF16C774003813D9206 /* /Users/giancedrickepilan/dev/native/ffmpegApp1/lib/glfw/src/egl_context.h */ = {isa = PBXBuildFile; fileRef = 5E108C6A989C4FA3A9961C9D /* /Users/giancedrickepilan/dev/native/ffmpegApp1/lib/glfw/src/egl_context.h */; };
		2B1D8A241B5A4B7DB2B44D2E /* /Users/giancedrickepilan/dev/native/ffmpegApp1/lib/glfw/src/cocoa_time.c */ = {isa = PBXBuildFile; fileRef = FDE1289766514FD7935C8143 /* /Users/giancedrickepilan/dev/native/ffmpegApp1/lib/glfw/src/cocoa_time.c */; };
		2BB1E3839D0E4721BE6283B9 /* /Users/giancedrickepilan/dev/native/ffmpegApp1/xcode/lib/glfw/src/glfw_config.h */ = {isa = PBXBuildFile; fileRef = 97F70615B98A482F89B98931 /* /Users/giancedrickepilan/dev/native/ffmpegApp1/xcode/lib/glfw/src/glfw_config.h */; };
		2F4ECDE9DFB945C9839B9C19 /* /Users/giancedrickepilan/dev/native/ffmpegApp1/lib/glfw/src/monitor.c */ = {isa = PBXBuildFile; fileRef = E10306BCF7CA424F99110C89 /* /Users/giancedrickepilan/dev/native/ffmpegApp1/lib/glfw/src/monitor.c */; settings = {COMPILER_FLAGS = "-Wdeclaration-after-statement"; }; };
		44472338B29941108E979390 /* /Users/giancedrickepilan/dev/native/ffmpegApp1/lib/glfw/src/init.c */ = {isa = PBXBuildFile; fileRef = D0A3847E81E54D68B257128C /* /Users/giancedrickepilan/dev/native/ffmpegApp1/lib/glfw/src/init.c */; settings = {COMPILER_FLAGS = "-Wdeclaration-after-statement"; }; };
		4759A67906114D95B4488FA3 /* /Users/giancedrickepilan/dev/native/ffmpegApp1/lib/glfw/src/internal.h */ = {isa = PBXBuildFile; fileRef = 18A12478A9F24DC78994D29D /* /Users/giancedrickepilan/dev/native/ffmpegApp1/lib/glfw/src/internal.h */; };
		53D3BDF9A1A745DF9A86A6BE /* /Users/giancedrickepilan/dev/native/ffmpegApp1/lib/glfw/src/input.c */ = {isa = PBXBuildFile; fileRef = 252EB09476334AF7B71AB459 /* /Users/giancedrickepilan/dev/native/ffmpegApp1/lib/glfw/src/input.c */; settings = {COMPILER_FLAGS = "-Wdeclaration-after-statement"; }; };
		5DD71D277699459F9C4D0064 /* /Users/giancedrickepilan/dev/native/ffmpegApp1/lib/glfw/include/GLFW/glfw3native.h */ = {isa = PBXBuildFile; fileRef = 53B90D6901E74C94ADFD382D /* /Users/giancedrickepilan/dev/native/ffmpegApp1/lib/glfw/include/GLFW/glfw3native.h */; };
		5FDB4387FFBA4717AC81124B /* /Users/giancedrickepilan/dev/native/ffmpegApp1/lib/glfw/include/GLFW/glfw3.h */ = {isa = PBXBuildFile; fileRef = FB699B071A444F02821198D2 /* /Users/giancedrickepilan/dev/native/ffmpegApp1/lib/glfw/include/GLFW/glfw3.h */; };
		715586CCE27C4A969B4BA9A7 /* /Users/giancedrickepilan/dev/native/ffmpegApp1/lib/glfw/src/window.c */ = {isa = PBXBuildFile; fileRef = 51BC9C9725004F0D8D7A6CC8 /* /Users/giancedrickepilan/dev/native/ffmpegApp1/lib/glfw/src/window.c */; settings = {COMPILER_FLAGS = "-Wdeclaration-after-statement"; }; };
		74113974693D400192F536BB /* /Users/giancedrickepilan/dev/native/ffmpegApp1/lib/glfw/src/cocoa_joystick.m */ = {isa = PBXBuildFile; fileRef = 8EF0402BB0B144A3AA213669 /* /Users/giancedrickepilan/dev/native/ffmpegApp1/lib/glfw/src/cocoa_joystick.m */; };
		75D7404FBD84489E80CA84DF /* /Users/giancedrickepilan/dev/native/ffmpegApp1/lib/glfw/src/posix_thread.c */ = {isa = PBXBuildFile; fileRef = D1417324E81F4FD0A7232E78 /* /Users/giancedrickepilan/dev/native/ffmpegApp1/lib/glfw/src/posix_thread.c */; };
		7A7365A40E0D40BDB004A0F5 /* /Users/giancedrickepilan/dev/native/ffmpegApp1/src/VideoReader.hpp */ = {isa = PBXBuildFile; fileRef = A24A59AC7F3A4707B3FA211C /* /Users/giancedrickepilan/dev/native/ffmpegApp1/src/VideoReader.hpp */; };
		7BEB6F2EF8E849AEA8F22637 /* /Users/giancedrickepilan/dev/native/ffmpegApp1/lib/glfw/src/posix_thread.h */ = {isa = PBXBuildFile; fileRef = 775FAD3E76E749108D5E1960 /* /Users/giancedrickepilan/dev/native/ffmpegApp1/lib/glfw/src/posix_thread.h */; };
		824B5A01FB784203906F6587 /* /Users/giancedrickepilan/dev/native/ffmpegApp1/lib/glfw/src/CMakeLists.txt */ = {isa = PBXBuildFile; fileRef = B51BD7C2E01B4438A4ABD239 /* /Users/giancedrickepilan/dev/native/ffmpegApp1/lib/glfw/src/CMakeLists.txt */; };
		8D5B78AA4F224F088B648799 /* /Users/giancedrickepilan/dev/native/ffmpegApp1/src/main.cpp */ = {isa = PBXBuildFile; fileRef = 7A1BCCE3120340E1B67C39E0 /* /Users/giancedrickepilan/dev/native/ffmpegApp1/src/main.cpp */; };
		8F02F7BFC9624B009E8EE824 /* /Users/giancedrickepilan/dev/native/ffmpegApp1/lib/glfw/src/cocoa_joystick.h */ = {isa = PBXBuildFile; fileRef = 7B219CE7129F4B9388D5DE57 /* /Users/giancedrickepilan/dev/native/ffmpegApp1/lib/glfw/src/cocoa_joystick.h */; };
		A1328BAF5DF24FAF8DFFC7B0 /* /Users/giancedrickepilan/dev/native/ffmpegApp1/lib/glfw/src/nsgl_context.h */ = {isa = PBXBuildFile; fileRef = 5832B97EDE88494789690D7F /* /Users/giancedrickepilan/dev/native/ffmpegApp1/lib/glfw/src/nsgl_context.h */; };
		A25CBFC675E841B48824710D /* /Users/giancedrickepilan/dev/native/ffmpegApp1/src/VideoReader.cpp */ = {isa = PBXBuildFile; fileRef = 14D2C55EA8CF4219AD4A00FA /* /Users/giancedrickepilan/dev/native/ffmpegApp1/src/VideoReader.cpp */; };
		A9450FE0401540CCA12186F5 /* /Users/giancedrickepilan/dev/native/ffmpegApp1/lib/glfw/src/cocoa_platform.h */ = {isa = PBXBuildFile; fileRef = 6193334F5EF14651B19BDD65 /* /Users/giancedrickepilan/dev/native/ffmpegApp1/lib/glfw/src/cocoa_platform.h */; };
		ACE170E9D958426C8E04F6A0 /* /Users/giancedrickepilan/dev/native/ffmpegApp1/lib/glfw/src/mappings.h */ = {isa = PBXBuildFile; fileRef = DE7B770768F344BBAE7AF008 /* /Users/giancedrickepilan/dev/native/ffmpegApp1/lib/glfw/src/mappings.h */; };
		AEAF942A3F9A444C88198E47 /* /Users/giancedrickepilan/dev/native/ffmpegApp1/lib/glfw/src/egl_context.c */ = {isa = PBXBuildFile; fileRef = C3F44AFB815F442FB77D8722 /* /Users/giancedrickepilan/dev/native/ffmpegApp1/lib/glfw/src/egl_context.c */; settings = {COMPILER_FLAGS = "-Wdeclaration-after-statement"; }; };
		C2AAAC9279D14BBB9E572A86 /* /Users/giancedrickepilan/dev/native/ffmpegApp1/lib/glfw/src/osmesa_context.h */ = {isa = PBXBuildFile; fileRef = 2F1897731B6943EA9A47BEA8 /* /Users/giancedrickepilan/dev/native/ffmpegApp1/lib/glfw/src/osmesa_context.h */; };
		D745AD50D0C640F8B2493167 /* /Users/giancedrickepilan/dev/native/ffmpegApp1/lib/glfw/src/osmesa_context.c */ = {isa = PBXBuildFile; fileRef = 8418692046374B65A01C15CC /* /Users/giancedrickepilan/dev/native/ffmpegApp1/lib/glfw/src/osmesa_context.c */; settings = {COMPILER_FLAGS = "-Wdeclaration-after-statement"; }; };
		ED4A3A6C20DD4F369C2CD753 /* /Users/giancedrickepilan/dev/native/ffmpegApp1/lib/glfw/src/vulkan.c */ = {isa = PBXBuildFile; fileRef = 7BA3305A5BBB48038354DF23 /* /Users/giancedrickepilan/dev/native/ffmpegApp1/lib/glfw/src/vulkan.c */; settings = {COMPILER_FLAGS = "-Wdeclaration-after-statement"; }; };
		F35A451D316F4F0F84806309 /* /Users/giancedrickepilan/dev/native/ffmpegApp1/lib/glfw/src/cocoa_window.m */ = {isa = PBXBuildFile; fileRef = 46199F7023A44C2DBC922FA6 /* /Users/giancedrickepilan/dev/native/ffmpegApp1/lib/glfw/src/cocoa_window.m */; };
		F8D0C641A9ED4A71992789A1 /* /Users/giancedrickepilan/dev/native/ffmpegApp1/lib/glfw/src/context.c */ = {isa = PBXBuildFile; fileRef = EE5B10927BCA43A690795A7B /* /Users/giancedrickepilan/dev/native/ffmpegApp1/lib/glfw/src/context.c */; settings = {COMPILER_FLAGS = "-Wdeclaration-after-statement"; }; };
		FAC9469A3FCE493CAF50039F /* /Users/giancedrickepilan/dev/native/ffmpegApp1/CMakeLists.txt */ = {isa = PBXBuildFile; fileRef = 33BA4F330C7F49DFB133780B /* /Users/giancedrickepilan/dev/native/ffmpegApp1/CMakeLists.txt */; };
		FBBB983091404D45AD45DE94 /* /Users/giancedrickepilan/dev/native/ffmpegApp1/lib/glfw/src/cocoa_monitor.m */ = {isa = PBXBuildFile; fileRef = 0810A4AEA9D847C189DBA094 /* /Users/giancedrickepilan/dev/native/ffmpegApp1/lib/glfw/src/cocoa_monitor.m */; };
/* End PBXBuildFile section */

/* Begin PBXBuildStyle section */
		1A438F3D2AEB4810817F8305 /* RelWithDebInfo */ = {
			isa = PBXBuildStyle;
			buildSettings = {
				COPY_PHASE_STRIP = NO;
			};
			name = RelWithDebInfo;
		};
		692D7F3D03C746B2B469000D /* Release */ = {
			isa = PBXBuildStyle;
			buildSettings = {
				COPY_PHASE_STRIP = NO;
			};
			name = Release;
		};
		6A128C9990174E40A1ECD71B /* MinSizeRel */ = {
			isa = PBXBuildStyle;
			buildSettings = {
				COPY_PHASE_STRIP = NO;
			};
			name = MinSizeRel;
		};
		D39B394744264C6696A7A139 /* Debug */ = {
			isa = PBXBuildStyle;
			buildSettings = {
				COPY_PHASE_STRIP = NO;
			};
			name = Debug;
		};
/* End PBXBuildStyle section */

/* Begin PBXContainerItemProxy section */
		0031545615EE4220A1BFFCB6 /* PBXContainerItemProxy */ = {
			isa = PBXContainerItemProxy;
			containerPortal = B8E79FA955704CE0B5B819FB /* Project object */;
			proxyType = 1;
			remoteGlobalIDString = B5BDCD6C2D144A96B925FE65;
			remoteInfo = ALL_BUILD;
		};
		2954D99FB084426AA25E4156 /* PBXContainerItemProxy */ = {
			isa = PBXContainerItemProxy;
			containerPortal = B8E79FA955704CE0B5B819FB /* Project object */;
			proxyType = 1;
			remoteGlobalIDString = F8B2AB6B9B7F4E128CE4C9AB;
			remoteInfo = ZERO_CHECK;
		};
		3A8C708A34324A93ABF08AD6 /* PBXContainerItemProxy */ = {
			isa = PBXContainerItemProxy;
			containerPortal = B8E79FA955704CE0B5B819FB /* Project object */;
			proxyType = 1;
			remoteGlobalIDString = F8B2AB6B9B7F4E128CE4C9AB;
			remoteInfo = ZERO_CHECK;
		};
		B135EC6FAECC467F95B461C0 /* PBXContainerItemProxy */ = {
			isa = PBXContainerItemProxy;
			containerPortal = B8E79FA955704CE0B5B819FB /* Project object */;
			proxyType = 1;
			remoteGlobalIDString = 1FE555663A864A2494222053;
			remoteInfo = glfw;
		};
		CD414C302F0A44ED96C999AF /* PBXContainerItemProxy */ = {
			isa = PBXContainerItemProxy;
			containerPortal = B8E79FA955704CE0B5B819FB /* Project object */;
			proxyType = 1;
			remoteGlobalIDString = F2BD0220ED454DF8A411F883;
			remoteInfo = ffmpegApp1;
		};
		CEF38A2CFB8A44BCBCEFAE3B /* PBXContainerItemProxy */ = {
			isa = PBXContainerItemProxy;
			containerPortal = B8E79FA955704CE0B5B819FB /* Project object */;
			proxyType = 1;
			remoteGlobalIDString = 1FE555663A864A2494222053;
			remoteInfo = glfw;
		};
		D0272730FD8246638342A811 /* PBXContainerItemProxy */ = {
			isa = PBXContainerItemProxy;
			containerPortal = B8E79FA955704CE0B5B819FB /* Project object */;
			proxyType = 1;
			remoteGlobalIDString = F8B2AB6B9B7F4E128CE4C9AB;
			remoteInfo = ZERO_CHECK;
		};
/* End PBXContainerItemProxy section */

/* Begin PBXFileReference section */
		0810A4AEA9D847C189DBA094 /* /Users/giancedrickepilan/dev/native/ffmpegApp1/lib/glfw/src/cocoa_monitor.m */ = {isa = PBXFileReference; explicitFileType = sourcecode.c.objc; fileEncoding = 4; name = cocoa_monitor.m; path = lib/glfw/src/cocoa_monitor.m; sourceTree = SOURCE_ROOT; };
		14D2C55EA8CF4219AD4A00FA /* /Users/giancedrickepilan/dev/native/ffmpegApp1/src/VideoReader.cpp */ = {isa = PBXFileReference; explicitFileType = sourcecode.cpp.cpp; fileEncoding = 4; name = VideoReader.cpp; path = src/VideoReader.cpp; sourceTree = SOURCE_ROOT; };
		18A12478A9F24DC78994D29D /* /Users/giancedrickepilan/dev/native/ffmpegApp1/lib/glfw/src/internal.h */ = {isa = PBXFileReference; explicitFileType = sourcecode.c.h; fileEncoding = 4; name = internal.h; path = lib/glfw/src/internal.h; sourceTree = SOURCE_ROOT; };
		252EB09476334AF7B71AB459 /* /Users/giancedrickepilan/dev/native/ffmpegApp1/lib/glfw/src/input.c */ = {isa = PBXFileReference; explicitFileType = sourcecode.c.c; fileEncoding = 4; name = input.c; path = lib/glfw/src/input.c; sourceTree = SOURCE_ROOT; };
		26719D0ED7224435827F09F0 /* /Users/giancedrickepilan/dev/native/ffmpegApp1/CMakeLists.txt */ = {isa = PBXFileReference; explicitFileType = sourcecode.text; fileEncoding = 4; name = CMakeLists.txt; path = CMakeLists.txt; sourceTree = SOURCE_ROOT; };
		2F1897731B6943EA9A47BEA8 /* /Users/giancedrickepilan/dev/native/ffmpegApp1/lib/glfw/src/osmesa_context.h */ = {isa = PBXFileReference; explicitFileType = sourcecode.c.h; fileEncoding = 4; name = osmesa_context.h; path = lib/glfw/src/osmesa_context.h; sourceTree = SOURCE_ROOT; };
		33BA4F330C7F49DFB133780B /* /Users/giancedrickepilan/dev/native/ffmpegApp1/CMakeLists.txt */ = {isa = PBXFileReference; explicitFileType = sourcecode.text; fileEncoding = 4; name = CMakeLists.txt; path = CMakeLists.txt; sourceTree = SOURCE_ROOT; };
		46199F7023A44C2DBC922FA6 /* /Users/giancedrickepilan/dev/native/ffmpegApp1/lib/glfw/src/cocoa_window.m */ = {isa = PBXFileReference; explicitFileType = sourcecode.c.objc; fileEncoding = 4; name = cocoa_window.m; path = lib/glfw/src/cocoa_window.m; sourceTree = SOURCE_ROOT; };
		51BC9C9725004F0D8D7A6CC8 /* /Users/giancedrickepilan/dev/native/ffmpegApp1/lib/glfw/src/window.c */ = {isa = PBXFileReference; explicitFileType = sourcecode.c.c; fileEncoding = 4; name = window.c; path = lib/glfw/src/window.c; sourceTree = SOURCE_ROOT; };
		53B90D6901E74C94ADFD382D /* /Users/giancedrickepilan/dev/native/ffmpegApp1/lib/glfw/include/GLFW/glfw3native.h */ = {isa = PBXFileReference; explicitFileType = sourcecode.c.h; fileEncoding = 4; name = glfw3native.h; path = lib/glfw/include/GLFW/glfw3native.h; sourceTree = SOURCE_ROOT; };
		5832B97EDE88494789690D7F /* /Users/giancedrickepilan/dev/native/ffmpegApp1/lib/glfw/src/nsgl_context.h */ = {isa = PBXFileReference; explicitFileType = sourcecode.c.h; fileEncoding = 4; name = nsgl_context.h; path = lib/glfw/src/nsgl_context.h; sourceTree = SOURCE_ROOT; };
		5E108C6A989C4FA3A9961C9D /* /Users/giancedrickepilan/dev/native/ffmpegApp1/lib/glfw/src/egl_context.h */ = {isa = PBXFileReference; explicitFileType = sourcecode.c.h; fileEncoding = 4; name = egl_context.h; path = lib/glfw/src/egl_context.h; sourceTree = SOURCE_ROOT; };
		6193334F5EF14651B19BDD65 /* /Users/giancedrickepilan/dev/native/ffmpegApp1/lib/glfw/src/cocoa_platform.h */ = {isa = PBXFileReference; explicitFileType = sourcecode.c.h; fileEncoding = 4; name = cocoa_platform.h; path = lib/glfw/src/cocoa_platform.h; sourceTree = SOURCE_ROOT; };
		6591D5A9BFE642FE89518231 /* glfw */ = {isa = PBXFileReference; explicitFileType = archive.ar; path = libglfw3.a; sourceTree = BUILT_PRODUCTS_DIR; };
		775FAD3E76E749108D5E1960 /* /Users/giancedrickepilan/dev/native/ffmpegApp1/lib/glfw/src/posix_thread.h */ = {isa = PBXFileReference; explicitFileType = sourcecode.c.h; fileEncoding = 4; name = posix_thread.h; path = lib/glfw/src/posix_thread.h; sourceTree = SOURCE_ROOT; };
		7A1BCCE3120340E1B67C39E0 /* /Users/giancedrickepilan/dev/native/ffmpegApp1/src/main.cpp */ = {isa = PBXFileReference; explicitFileType = sourcecode.cpp.cpp; fileEncoding = 4; name = main.cpp; path = src/main.cpp; sourceTree = SOURCE_ROOT; };
		7B219CE7129F4B9388D5DE57 /* /Users/giancedrickepilan/dev/native/ffmpegApp1/lib/glfw/src/cocoa_joystick.h */ = {isa = PBXFileReference; explicitFileType = sourcecode.c.h; fileEncoding = 4; name = cocoa_joystick.h; path = lib/glfw/src/cocoa_joystick.h; sourceTree = SOURCE_ROOT; };
		7BA3305A5BBB48038354DF23 /* /Users/giancedrickepilan/dev/native/ffmpegApp1/lib/glfw/src/vulkan.c */ = {isa = PBXFileReference; explicitFileType = sourcecode.c.c; fileEncoding = 4; name = vulkan.c; path = lib/glfw/src/vulkan.c; sourceTree = SOURCE_ROOT; };
		8418692046374B65A01C15CC /* /Users/giancedrickepilan/dev/native/ffmpegApp1/lib/glfw/src/osmesa_context.c */ = {isa = PBXFileReference; explicitFileType = sourcecode.c.c; fileEncoding = 4; name = osmesa_context.c; path = lib/glfw/src/osmesa_context.c; sourceTree = SOURCE_ROOT; };
		8EF0402BB0B144A3AA213669 /* /Users/giancedrickepilan/dev/native/ffmpegApp1/lib/glfw/src/cocoa_joystick.m */ = {isa = PBXFileReference; explicitFileType = sourcecode.c.objc; fileEncoding = 4; name = cocoa_joystick.m; path = lib/glfw/src/cocoa_joystick.m; sourceTree = SOURCE_ROOT; };
		97F70615B98A482F89B98931 /* /Users/giancedrickepilan/dev/native/ffmpegApp1/xcode/lib/glfw/src/glfw_config.h */ = {isa = PBXFileReference; explicitFileType = sourcecode.c.h; fileEncoding = 4; name = glfw_config.h; path = xcode/lib/glfw/src/glfw_config.h; sourceTree = SOURCE_ROOT; };
		9D890A4958354AABB56A1384 /* /Users/giancedrickepilan/dev/native/ffmpegApp1/lib/glfw/src/cocoa_init.m */ = {isa = PBXFileReference; explicitFileType = sourcecode.c.objc; fileEncoding = 4; name = cocoa_init.m; path = lib/glfw/src/cocoa_init.m; sourceTree = SOURCE_ROOT; };
		A24A59AC7F3A4707B3FA211C /* /Users/giancedrickepilan/dev/native/ffmpegApp1/src/VideoReader.hpp */ = {isa = PBXFileReference; explicitFileType = sourcecode.cpp.h; fileEncoding = 4; name = VideoReader.hpp; path = src/VideoReader.hpp; sourceTree = SOURCE_ROOT; };
		B51BD7C2E01B4438A4ABD239 /* /Users/giancedrickepilan/dev/native/ffmpegApp1/lib/glfw/src/CMakeLists.txt */ = {isa = PBXFileReference; explicitFileType = sourcecode.text; fileEncoding = 4; name = CMakeLists.txt; path = lib/glfw/src/CMakeLists.txt; sourceTree = SOURCE_ROOT; };
		C3F44AFB815F442FB77D8722 /* /Users/giancedrickepilan/dev/native/ffmpegApp1/lib/glfw/src/egl_context.c */ = {isa = PBXFileReference; explicitFileType = sourcecode.c.c; fileEncoding = 4; name = egl_context.c; path = lib/glfw/src/egl_context.c; sourceTree = SOURCE_ROOT; };
		CC3A9471A3AF4A5C857271A1 /* /Users/giancedrickepilan/dev/native/ffmpegApp1/lib/glfw/CMakeLists.txt */ = {isa = PBXFileReference; explicitFileType = sourcecode.text; fileEncoding = 4; name = CMakeLists.txt; path = lib/glfw/CMakeLists.txt; sourceTree = SOURCE_ROOT; };
		D0A3847E81E54D68B257128C /* /Users/giancedrickepilan/dev/native/ffmpegApp1/lib/glfw/src/init.c */ = {isa = PBXFileReference; explicitFileType = sourcecode.c.c; fileEncoding = 4; name = init.c; path = lib/glfw/src/init.c; sourceTree = SOURCE_ROOT; };
		D1417324E81F4FD0A7232E78 /* /Users/giancedrickepilan/dev/native/ffmpegApp1/lib/glfw/src/posix_thread.c */ = {isa = PBXFileReference; explicitFileType = sourcecode.c.c; fileEncoding = 4; name = posix_thread.c; path = lib/glfw/src/posix_thread.c; sourceTree = SOURCE_ROOT; };
		DE7B770768F344BBAE7AF008 /* /Users/giancedrickepilan/dev/native/ffmpegApp1/lib/glfw/src/mappings.h */ = {isa = PBXFileReference; explicitFileType = sourcecode.c.h; fileEncoding = 4; name = mappings.h; path = lib/glfw/src/mappings.h; sourceTree = SOURCE_ROOT; };
		E10306BCF7CA424F99110C89 /* /Users/giancedrickepilan/dev/native/ffmpegApp1/lib/glfw/src/monitor.c */ = {isa = PBXFileReference; explicitFileType = sourcecode.c.c; fileEncoding = 4; name = monitor.c; path = lib/glfw/src/monitor.c; sourceTree = SOURCE_ROOT; };
		EE5B10927BCA43A690795A7B /* /Users/giancedrickepilan/dev/native/ffmpegApp1/lib/glfw/src/context.c */ = {isa = PBXFileReference; explicitFileType = sourcecode.c.c; fileEncoding = 4; name = context.c; path = lib/glfw/src/context.c; sourceTree = SOURCE_ROOT; };
		F13E023C4EB04DC088B8612E /* ffmpegApp1 */ = {isa = PBXFileReference; explicitFileType = "compiled.mach-o.executable"; path = ffmpegApp1; sourceTree = BUILT_PRODUCTS_DIR; };
		F5DFC41448D2487C86B30931 /* /Users/giancedrickepilan/dev/native/ffmpegApp1/lib/glfw/src/nsgl_context.m */ = {isa = PBXFileReference; explicitFileType = sourcecode.c.objc; fileEncoding = 4; name = nsgl_context.m; path = lib/glfw/src/nsgl_context.m; sourceTree = SOURCE_ROOT; };
		FB699B071A444F02821198D2 /* /Users/giancedrickepilan/dev/native/ffmpegApp1/lib/glfw/include/GLFW/glfw3.h */ = {isa = PBXFileReference; explicitFileType = sourcecode.c.h; fileEncoding = 4; name = glfw3.h; path = lib/glfw/include/GLFW/glfw3.h; sourceTree = SOURCE_ROOT; };
		FDE1289766514FD7935C8143 /* /Users/giancedrickepilan/dev/native/ffmpegApp1/lib/glfw/src/cocoa_time.c */ = {isa = PBXFileReference; explicitFileType = sourcecode.c.c; fileEncoding = 4; name = cocoa_time.c; path = lib/glfw/src/cocoa_time.c; sourceTree = SOURCE_ROOT; };
/* End PBXFileReference section */

/* Begin PBXGroup section */
		082BC8FE017549DF80145D21 /* Header Files */ = {
			isa = PBXGroup;
			children = (
				A24A59AC7F3A4707B3FA211C /* /Users/giancedrickepilan/dev/native/ffmpegApp1/src/VideoReader.hpp */,
			);
			name = "Header Files";
			sourceTree = "<group>";
		};
		2AAFA0303FCE44708A79A7F9 /* Header Files */ = {
			isa = PBXGroup;
			children = (
				FB699B071A444F02821198D2 /* /Users/giancedrickepilan/dev/native/ffmpegApp1/lib/glfw/include/GLFW/glfw3.h */,
				53B90D6901E74C94ADFD382D /* /Users/giancedrickepilan/dev/native/ffmpegApp1/lib/glfw/include/GLFW/glfw3native.h */,
				7B219CE7129F4B9388D5DE57 /* /Users/giancedrickepilan/dev/native/ffmpegApp1/lib/glfw/src/cocoa_joystick.h */,
				6193334F5EF14651B19BDD65 /* /Users/giancedrickepilan/dev/native/ffmpegApp1/lib/glfw/src/cocoa_platform.h */,
				5E108C6A989C4FA3A9961C9D /* /Users/giancedrickepilan/dev/native/ffmpegApp1/lib/glfw/src/egl_context.h */,
				18A12478A9F24DC78994D29D /* /Users/giancedrickepilan/dev/native/ffmpegApp1/lib/glfw/src/internal.h */,
				DE7B770768F344BBAE7AF008 /* /Users/giancedrickepilan/dev/native/ffmpegApp1/lib/glfw/src/mappings.h */,
				5832B97EDE88494789690D7F /* /Users/giancedrickepilan/dev/native/ffmpegApp1/lib/glfw/src/nsgl_context.h */,
				2F1897731B6943EA9A47BEA8 /* /Users/giancedrickepilan/dev/native/ffmpegApp1/lib/glfw/src/osmesa_context.h */,
				775FAD3E76E749108D5E1960 /* /Users/giancedrickepilan/dev/native/ffmpegApp1/lib/glfw/src/posix_thread.h */,
				97F70615B98A482F89B98931 /* /Users/giancedrickepilan/dev/native/ffmpegApp1/xcode/lib/glfw/src/glfw_config.h */,
			);
			name = "Header Files";
			sourceTree = "<group>";
		};
		333E03A3B8FE4B10870D8099 /* Source Files */ = {
			isa = PBXGroup;
			children = (
				14D2C55EA8CF4219AD4A00FA /* /Users/giancedrickepilan/dev/native/ffmpegApp1/src/VideoReader.cpp */,
				7A1BCCE3120340E1B67C39E0 /* /Users/giancedrickepilan/dev/native/ffmpegApp1/src/main.cpp */,
			);
			name = "Source Files";
			sourceTree = "<group>";
		};
		3D3B0A7BFDDB400BAD39FC47 /* ALL_BUILD */ = {
			isa = PBXGroup;
			children = (
				82404F30563E4E618073758A /* CMake Rules */,
				26719D0ED7224435827F09F0 /* /Users/giancedrickepilan/dev/native/ffmpegApp1/CMakeLists.txt */,
			);
			name = ALL_BUILD;
			sourceTree = "<group>";
		};
		6390B37CC8C54093B722F961 /* uninstall */ = {
			isa = PBXGroup;
			children = (
				AB14982D93D94D24897AB204 /* CMake Rules */,
				CC3A9471A3AF4A5C857271A1 /* /Users/giancedrickepilan/dev/native/ffmpegApp1/lib/glfw/CMakeLists.txt */,
			);
			name = uninstall;
			sourceTree = "<group>";
		};
		82404F30563E4E618073758A /* CMake Rules */ = {
			isa = PBXGroup;
			children = (
			);
			name = "CMake Rules";
			sourceTree = "<group>";
		};
		AB14982D93D94D24897AB204 /* CMake Rules */ = {
			isa = PBXGroup;
			children = (
			);
			name = "CMake Rules";
			sourceTree = "<group>";
		};
		B8E1484F6E3E4404ADAED995 /* Source Files */ = {
			isa = PBXGroup;
			children = (
				9D890A4958354AABB56A1384 /* /Users/giancedrickepilan/dev/native/ffmpegApp1/lib/glfw/src/cocoa_init.m */,
				8EF0402BB0B144A3AA213669 /* /Users/giancedrickepilan/dev/native/ffmpegApp1/lib/glfw/src/cocoa_joystick.m */,
				0810A4AEA9D847C189DBA094 /* /Users/giancedrickepilan/dev/native/ffmpegApp1/lib/glfw/src/cocoa_monitor.m */,
				FDE1289766514FD7935C8143 /* /Users/giancedrickepilan/dev/native/ffmpegApp1/lib/glfw/src/cocoa_time.c */,
				46199F7023A44C2DBC922FA6 /* /Users/giancedrickepilan/dev/native/ffmpegApp1/lib/glfw/src/cocoa_window.m */,
				EE5B10927BCA43A690795A7B /* /Users/giancedrickepilan/dev/native/ffmpegApp1/lib/glfw/src/context.c */,
				C3F44AFB815F442FB77D8722 /* /Users/giancedrickepilan/dev/native/ffmpegApp1/lib/glfw/src/egl_context.c */,
				D0A3847E81E54D68B257128C /* /Users/giancedrickepilan/dev/native/ffmpegApp1/lib/glfw/src/init.c */,
				252EB09476334AF7B71AB459 /* /Users/giancedrickepilan/dev/native/ffmpegApp1/lib/glfw/src/input.c */,
				E10306BCF7CA424F99110C89 /* /Users/giancedrickepilan/dev/native/ffmpegApp1/lib/glfw/src/monitor.c */,
				F5DFC41448D2487C86B30931 /* /Users/giancedrickepilan/dev/native/ffmpegApp1/lib/glfw/src/nsgl_context.m */,
				8418692046374B65A01C15CC /* /Users/giancedrickepilan/dev/native/ffmpegApp1/lib/glfw/src/osmesa_context.c */,
				D1417324E81F4FD0A7232E78 /* /Users/giancedrickepilan/dev/native/ffmpegApp1/lib/glfw/src/posix_thread.c */,
				7BA3305A5BBB48038354DF23 /* /Users/giancedrickepilan/dev/native/ffmpegApp1/lib/glfw/src/vulkan.c */,
				51BC9C9725004F0D8D7A6CC8 /* /Users/giancedrickepilan/dev/native/ffmpegApp1/lib/glfw/src/window.c */,
			);
			name = "Source Files";
			sourceTree = "<group>";
		};
		BB55BCF13C40427484AC116B /* GLFW3 */ = {
			isa = PBXGroup;
			children = (
				6390B37CC8C54093B722F961 /* uninstall */,
				C514CC01FC7F4460B15F20CC /* glfw */,
			);
			name = GLFW3;
			sourceTree = "<group>";
		};
		BCF75B488C284F0CA3ECF1F5 /* Products */ = {
			isa = PBXGroup;
			children = (
				F13E023C4EB04DC088B8612E /* ffmpegApp1 */,
				6591D5A9BFE642FE89518231 /* glfw */,
			);
			name = Products;
			sourceTree = "<group>";
		};
		C3CC9C8927AA493BB7DC0244 /* ffmpegApp1 */ = {
			isa = PBXGroup;
			children = (
				333E03A3B8FE4B10870D8099 /* Source Files */,
				082BC8FE017549DF80145D21 /* Header Files */,
				33BA4F330C7F49DFB133780B /* /Users/giancedrickepilan/dev/native/ffmpegApp1/CMakeLists.txt */,
			);
			name = ffmpegApp1;
			sourceTree = "<group>";
		};
		C514CC01FC7F4460B15F20CC /* glfw */ = {
			isa = PBXGroup;
			children = (
				2AAFA0303FCE44708A79A7F9 /* Header Files */,
				B8E1484F6E3E4404ADAED995 /* Source Files */,
				B51BD7C2E01B4438A4ABD239 /* /Users/giancedrickepilan/dev/native/ffmpegApp1/lib/glfw/src/CMakeLists.txt */,
			);
			name = glfw;
			sourceTree = "<group>";
		};
		CE4DBB03C08E4E819AB52146 = {
			isa = PBXGroup;
			children = (
				C3CC9C8927AA493BB7DC0244 /* ffmpegApp1 */,
				3D3B0A7BFDDB400BAD39FC47 /* ALL_BUILD */,
				BB55BCF13C40427484AC116B /* GLFW3 */,
				BCF75B488C284F0CA3ECF1F5 /* Products */,
			);
			sourceTree = "<group>";
		};
/* End PBXGroup section */

/* Begin PBXNativeTarget section */
		1FE555663A864A2494222053 /* glfw */ = {
			isa = PBXNativeTarget;
			buildConfigurationList = 6A1B8AB819644BF6ACCF8825 /* Build configuration list for PBXNativeTarget "glfw" */;
			buildPhases = (
				CFCDEF7D7A6C4882BCB1896D /* Sources */,
			);
			buildRules = (
			);
			dependencies = (
				D2BD675321F0440397518FBE /* PBXTargetDependency */,
			);
			name = glfw;
			productName = glfw;
			productReference = 6591D5A9BFE642FE89518231 /* glfw */;
			productType = "com.apple.product-type.library.static";
		};
		F2BD0220ED454DF8A411F883 /* ffmpegApp1 */ = {
			isa = PBXNativeTarget;
			buildConfigurationList = B02C4A63C1E54F75A2AE1649 /* Build configuration list for PBXNativeTarget "ffmpegApp1" */;
			buildPhases = (
				499C837FD3224BA09BBCE8CB /* Sources */,
			);
			buildRules = (
			);
			dependencies = (
				C61A1B26AA134E8AB19D3CC1 /* PBXTargetDependency */,
				5577A74C95DB429C80A70B0E /* PBXTargetDependency */,
			);
			name = ffmpegApp1;
			productName = ffmpegApp1;
			productReference = F13E023C4EB04DC088B8612E /* ffmpegApp1 */;
			productType = "com.apple.product-type.tool";
		};
/* End PBXNativeTarget section */

/* Begin PBXProject section */
		B8E79FA955704CE0B5B819FB /* Project object */ = {
			isa = PBXProject;
			attributes = {
				BuildIndependentTargetsInParallel = YES;
				LastUpgradeCheck = 1010;
			};
			buildConfigurationList = AB33F468FB8048D3BE864A57 /* Build configuration list for PBXProject "ffmpegApp1" */;
			buildSettings = {
			};
			buildStyles = (
				D39B394744264C6696A7A139 /* Debug */,
				692D7F3D03C746B2B469000D /* Release */,
				6A128C9990174E40A1ECD71B /* MinSizeRel */,
				1A438F3D2AEB4810817F8305 /* RelWithDebInfo */,
			);
			compatibilityVersion = "Xcode 3.2";
			hasScannedForEncodings = 0;
			mainGroup = CE4DBB03C08E4E819AB52146;
			projectDirPath = ../;
			projectRoot = "";
			targets = (
				B5BDCD6C2D144A96B925FE65 /* ALL_BUILD */,
				F8B2AB6B9B7F4E128CE4C9AB /* ZERO_CHECK */,
				F2BD0220ED454DF8A411F883 /* ffmpegApp1 */,
				1FE555663A864A2494222053 /* glfw */,
				770989E113B1401180847498 /* install */,
				55C50EA5FB3E40CDBC7CF840 /* uninstall */,
			);
		};
/* End PBXProject section */

/* Begin PBXShellScriptBuildPhase section */
		14DF1D653125471F814DD616 /* CMake Rules */ = {
			isa = PBXShellScriptBuildPhase;
			buildActionMask = 2147483647;
			files = (
			);
			name = "CMake Rules";
			runOnlyForDeploymentPostprocessing = 0;
			shellPath = /bin/sh;
			shellScript = "make -C /Users/giancedrickepilan/dev/native/ffmpegApp1/xcode/lib/glfw -f /Users/giancedrickepilan/dev/native/ffmpegApp1/xcode/lib/glfw/CMakeScripts/uninstall_cmakeRulesBuildPhase.make$CONFIGURATION OBJDIR=$(basename \"$OBJECT_FILE_DIR_normal\") all";
			showEnvVarsInLog = 0;
		};
		35123060CA1042FEBB19B5D7 = {
			isa = PBXShellScriptBuildPhase;
			buildActionMask = 2147483647;
			files = (
			);
			inputPaths = (
			);
			outputPaths = (
			);
			runOnlyForDeploymentPostprocessing = 0;
			shellPath = /bin/sh;
			shellScript = "# shell script goes here
exit 0";
			showEnvVarsInLog = 0;
		};
		7BDC13BB4D294CF0AC5488ED /* CMake Rules */ = {
			isa = PBXShellScriptBuildPhase;
			buildActionMask = 2147483647;
			files = (
			);
			name = "CMake Rules";
			runOnlyForDeploymentPostprocessing = 0;
			shellPath = /bin/sh;
			shellScript = "make -C /Users/giancedrickepilan/dev/native/ffmpegApp1/xcode -f /Users/giancedrickepilan/dev/native/ffmpegApp1/xcode/CMakeScripts/ALL_BUILD_cmakeRulesBuildPhase.make$CONFIGURATION OBJDIR=$(basename \"$OBJECT_FILE_DIR_normal\") all";
			showEnvVarsInLog = 0;
		};
		7E89D99EA9944ECAAF3A90EB = {
			isa = PBXShellScriptBuildPhase;
			buildActionMask = 2147483647;
			files = (
			);
			inputPaths = (
			);
			outputPaths = (
			);
			runOnlyForDeploymentPostprocessing = 0;
			shellPath = /bin/sh;
			shellScript = "# shell script goes here
exit 0";
			showEnvVarsInLog = 0;
		};
		9386B46DC01F4E598A8C3BB3 = {
			isa = PBXShellScriptBuildPhase;
			buildActionMask = 2147483647;
			files = (
			);
			inputPaths = (
			);
			outputPaths = (
			);
			runOnlyForDeploymentPostprocessing = 0;
			shellPath = /bin/sh;
			shellScript = "# shell script goes here
exit 0";
			showEnvVarsInLog = 0;
		};
		A69172286D704E48B2C76C1A /* CMake Rules */ = {
			isa = PBXShellScriptBuildPhase;
			buildActionMask = 2147483647;
			files = (
			);
			name = "CMake Rules";
			runOnlyForDeploymentPostprocessing = 0;
			shellPath = /bin/sh;
			shellScript = "make -C /Users/giancedrickepilan/dev/native/ffmpegApp1/xcode -f /Users/giancedrickepilan/dev/native/ffmpegApp1/xcode/CMakeScripts/ZERO_CHECK_cmakeRulesBuildPhase.make$CONFIGURATION OBJDIR=$(basename \"$OBJECT_FILE_DIR_normal\") all";
			showEnvVarsInLog = 0;
		};
		BE64ABE012DA4C01AB6DF8F0 = {
			isa = PBXShellScriptBuildPhase;
			buildActionMask = 2147483647;
			files = (
			);
			inputPaths = (
			);
			outputPaths = (
			);
			runOnlyForDeploymentPostprocessing = 0;
			shellPath = /bin/sh;
			shellScript = "# shell script goes here
exit 0";
			showEnvVarsInLog = 0;
		};
		F3B26F0D78E04306AECAA274 /* CMake PostBuild Rules */ = {
			isa = PBXShellScriptBuildPhase;
			buildActionMask = 2147483647;
			files = (
			);
			name = "CMake PostBuild Rules";
			runOnlyForDeploymentPostprocessing = 0;
			shellPath = /bin/sh;
			shellScript = "make -C /Users/giancedrickepilan/dev/native/ffmpegApp1/xcode -f /Users/giancedrickepilan/dev/native/ffmpegApp1/xcode/CMakeScripts/install_postBuildPhase.make$CONFIGURATION OBJDIR=$(basename \"$OBJECT_FILE_DIR_normal\") all";
			showEnvVarsInLog = 0;
		};
/* End PBXShellScriptBuildPhase section */

/* Begin PBXSourcesBuildPhase section */
		499C837FD3224BA09BBCE8CB /* Sources */ = {
			isa = PBXSourcesBuildPhase;
			buildActionMask = 2147483647;
			files = (
				A25CBFC675E841B48824710D /* /Users/giancedrickepilan/dev/native/ffmpegApp1/src/VideoReader.cpp */,
				8D5B78AA4F224F088B648799 /* /Users/giancedrickepilan/dev/native/ffmpegApp1/src/main.cpp */,
			);
			runOnlyForDeploymentPostprocessing = 0;
		};
		CFCDEF7D7A6C4882BCB1896D /* Sources */ = {
			isa = PBXSourcesBuildPhase;
			buildActionMask = 2147483647;
			files = (
				1280859313EC4222AD5E2593 /* /Users/giancedrickepilan/dev/native/ffmpegApp1/lib/glfw/src/cocoa_init.m */,
				74113974693D400192F536BB /* /Users/giancedrickepilan/dev/native/ffmpegApp1/lib/glfw/src/cocoa_joystick.m */,
				FBBB983091404D45AD45DE94 /* /Users/giancedrickepilan/dev/native/ffmpegApp1/lib/glfw/src/cocoa_monitor.m */,
				2B1D8A241B5A4B7DB2B44D2E /* /Users/giancedrickepilan/dev/native/ffmpegApp1/lib/glfw/src/cocoa_time.c */,
				F35A451D316F4F0F84806309 /* /Users/giancedrickepilan/dev/native/ffmpegApp1/lib/glfw/src/cocoa_window.m */,
				F8D0C641A9ED4A71992789A1 /* /Users/giancedrickepilan/dev/native/ffmpegApp1/lib/glfw/src/context.c */,
				AEAF942A3F9A444C88198E47 /* /Users/giancedrickepilan/dev/native/ffmpegApp1/lib/glfw/src/egl_context.c */,
				44472338B29941108E979390 /* /Users/giancedrickepilan/dev/native/ffmpegApp1/lib/glfw/src/init.c */,
				53D3BDF9A1A745DF9A86A6BE /* /Users/giancedrickepilan/dev/native/ffmpegApp1/lib/glfw/src/input.c */,
				2F4ECDE9DFB945C9839B9C19 /* /Users/giancedrickepilan/dev/native/ffmpegApp1/lib/glfw/src/monitor.c */,
				0871A840E48A4F2B8EE9ABE7 /* /Users/giancedrickepilan/dev/native/ffmpegApp1/lib/glfw/src/nsgl_context.m */,
				D745AD50D0C640F8B2493167 /* /Users/giancedrickepilan/dev/native/ffmpegApp1/lib/glfw/src/osmesa_context.c */,
				75D7404FBD84489E80CA84DF /* /Users/giancedrickepilan/dev/native/ffmpegApp1/lib/glfw/src/posix_thread.c */,
				ED4A3A6C20DD4F369C2CD753 /* /Users/giancedrickepilan/dev/native/ffmpegApp1/lib/glfw/src/vulkan.c */,
				715586CCE27C4A969B4BA9A7 /* /Users/giancedrickepilan/dev/native/ffmpegApp1/lib/glfw/src/window.c */,
			);
			runOnlyForDeploymentPostprocessing = 0;
		};
/* End PBXSourcesBuildPhase section */

/* Begin PBXTargetDependency section */
		5577A74C95DB429C80A70B0E /* PBXTargetDependency */ = {
			isa = PBXTargetDependency;
			target = 1FE555663A864A2494222053 /* glfw */;
			targetProxy = CEF38A2CFB8A44BCBCEFAE3B /* PBXContainerItemProxy */;
		};
		8054D0E134E74D5D922C3F98 /* PBXTargetDependency */ = {
			isa = PBXTargetDependency;
			target = B5BDCD6C2D144A96B925FE65 /* ALL_BUILD */;
			targetProxy = 0031545615EE4220A1BFFCB6 /* PBXContainerItemProxy */;
		};
		94CF5EFFC4F0454E965F1D10 /* PBXTargetDependency */ = {
			isa = PBXTargetDependency;
			target = F2BD0220ED454DF8A411F883 /* ffmpegApp1 */;
			targetProxy = CD414C302F0A44ED96C999AF /* PBXContainerItemProxy */;
		};
		C61A1B26AA134E8AB19D3CC1 /* PBXTargetDependency */ = {
			isa = PBXTargetDependency;
			target = F8B2AB6B9B7F4E128CE4C9AB /* ZERO_CHECK */;
			targetProxy = 3A8C708A34324A93ABF08AD6 /* PBXContainerItemProxy */;
		};
		D2BD675321F0440397518FBE /* PBXTargetDependency */ = {
			isa = PBXTargetDependency;
			target = F8B2AB6B9B7F4E128CE4C9AB /* ZERO_CHECK */;
			targetProxy = D0272730FD8246638342A811 /* PBXContainerItemProxy */;
		};
		D49EC3DB950045B9B1776B79 /* PBXTargetDependency */ = {
			isa = PBXTargetDependency;
			target = F8B2AB6B9B7F4E128CE4C9AB /* ZERO_CHECK */;
			targetProxy = 2954D99FB084426AA25E4156 /* PBXContainerItemProxy */;
		};
		F12BD9BA4059451CB33831FA /* PBXTargetDependency */ = {
			isa = PBXTargetDependency;
			target = 1FE555663A864A2494222053 /* glfw */;
			targetProxy = B135EC6FAECC467F95B461C0 /* PBXContainerItemProxy */;
		};
/* End PBXTargetDependency section */

/* Begin XCBuildConfiguration section */
		0893B647B2044AC087DB2ABB /* RelWithDebInfo */ = {
			isa = XCBuildConfiguration;
			buildSettings = {
				COMBINE_HIDPI_IMAGES = YES;
				EXECUTABLE_PREFIX = lib;
				EXECUTABLE_SUFFIX = .a;
				GCC_GENERATE_DEBUGGING_SYMBOLS = YES;
				GCC_INLINES_ARE_PRIVATE_EXTERN = NO;
				GCC_OPTIMIZATION_LEVEL = 2;
				GCC_PREPROCESSOR_DEFINITIONS = ("'CMAKE_INTDIR=\"$(CONFIGURATION)$(EFFECTIVE_PLATFORM_NAME)\"'",_GLFW_USE_CONFIG_H,GL_SILENCE_DEPRECATION);
				GCC_SYMBOLS_PRIVATE_EXTERN = NO;
				HEADER_SEARCH_PATHS = (/Users/giancedrickepilan/dev/native/ffmpegApp1/lib/glfw/include,/Users/giancedrickepilan/dev/native/ffmpegApp1/lib/glfw/src,/Users/giancedrickepilan/dev/native/ffmpegApp1/xcode/lib/glfw/src);
				INSTALL_PATH = "";
				LIBRARY_STYLE = STATIC;
				OTHER_CFLAGS = "       -DNDEBUG -fPIC -Wall '-std=c99'  ";
				OTHER_LIBTOOLFLAGS = " ";
				OTHER_REZFLAGS = "";
				PRODUCT_NAME = glfw3;
				SECTORDER_FLAGS = "";
				SYMROOT = /Users/giancedrickepilan/dev/native/ffmpegApp1/xcode/lib/glfw/src;
				USE_HEADERMAP = NO;
				WARNING_CFLAGS = ("$(inherited)");
			};
			name = RelWithDebInfo;
		};
		1149A46040FF46E18DDF39EC /* Release */ = {
			isa = XCBuildConfiguration;
			buildSettings = {
				COMBINE_HIDPI_IMAGES = YES;
				EXECUTABLE_PREFIX = lib;
				EXECUTABLE_SUFFIX = .a;
				GCC_GENERATE_DEBUGGING_SYMBOLS = NO;
				GCC_INLINES_ARE_PRIVATE_EXTERN = NO;
				GCC_OPTIMIZATION_LEVEL = 3;
				GCC_PREPROCESSOR_DEFINITIONS = ("'CMAKE_INTDIR=\"$(CONFIGURATION)$(EFFECTIVE_PLATFORM_NAME)\"'",_GLFW_USE_CONFIG_H,GL_SILENCE_DEPRECATION);
				GCC_SYMBOLS_PRIVATE_EXTERN = NO;
				HEADER_SEARCH_PATHS = (/Users/giancedrickepilan/dev/native/ffmpegApp1/lib/glfw/include,/Users/giancedrickepilan/dev/native/ffmpegApp1/lib/glfw/src,/Users/giancedrickepilan/dev/native/ffmpegApp1/xcode/lib/glfw/src);
				INSTALL_PATH = "";
				LIBRARY_STYLE = STATIC;
				OTHER_CFLAGS = "    -DNDEBUG -fPIC -Wall '-std=c99'  ";
				OTHER_LIBTOOLFLAGS = " ";
				OTHER_REZFLAGS = "";
				PRODUCT_NAME = glfw3;
				SECTORDER_FLAGS = "";
				SYMROOT = /Users/giancedrickepilan/dev/native/ffmpegApp1/xcode/lib/glfw/src;
				USE_HEADERMAP = NO;
				WARNING_CFLAGS = ("$(inherited)");
			};
			name = Release;
		};
		164011F7F82F4D30B0D1AA0C /* Debug */ = {
			isa = XCBuildConfiguration;
			buildSettings = {
				COMBINE_HIDPI_IMAGES = YES;
				EXECUTABLE_PREFIX = "";
				EXECUTABLE_SUFFIX = "";
				GCC_GENERATE_DEBUGGING_SYMBOLS = YES;
				GCC_INLINES_ARE_PRIVATE_EXTERN = NO;
				GCC_OPTIMIZATION_LEVEL = 0;
				GCC_PREPROCESSOR_DEFINITIONS = ("'CMAKE_INTDIR=\"$(CONFIGURATION)$(EFFECTIVE_PLATFORM_NAME)\"'",GL_SILENCE_DEPRECATION);
				GCC_SYMBOLS_PRIVATE_EXTERN = NO;
				HEADER_SEARCH_PATHS = (/Users/giancedrickepilan/dev/native/ffmpegApp1/lib/glfw/include);
				INSTALL_PATH = "";
				LIBRARY_SEARCH_PATHS = "";
				OTHER_CPLUSPLUSFLAGS = " -std=c++14    '-std=gnu++14'  ";
				OTHER_LDFLAGS = "'-L/usr/local/Cellar/ffmpeg/4.2.2_2/lib' -lavcodec -lavformat -lavfilter -lavdevice -lavutil -lswresample -lswscale -Wl,-search_paths_first -Wl,-headerpad_max_install_names  /Users/giancedrickepilan/dev/native/ffmpegApp1/xcode/lib/glfw/src/Debug/libglfw3.a  -framework OpenGL  -framework Cocoa -framework IOKit -framework CoreFoundation";
				OTHER_REZFLAGS = "";
				PRODUCT_NAME = ffmpegApp1;
				SECTORDER_FLAGS = "";
				SYMROOT = /Users/giancedrickepilan/dev/native/ffmpegApp1/xcode;
				SYSTEM_HEADER_SEARCH_PATHS = (/usr/local/Cellar/ffmpeg/4.2.2_2/include);
				USE_HEADERMAP = NO;
				WARNING_CFLAGS = ("$(inherited)");
			};
			name = Debug;
		};
		1E9D9118E6E24B6890D13CCA /* RelWithDebInfo */ = {
			isa = XCBuildConfiguration;
			buildSettings = {
				COMBINE_HIDPI_IMAGES = YES;
				GCC_GENERATE_DEBUGGING_SYMBOLS = YES;
				GCC_INLINES_ARE_PRIVATE_EXTERN = NO;
				GCC_OPTIMIZATION_LEVEL = 0;
				GCC_PREPROCESSOR_DEFINITIONS = ("'CMAKE_INTDIR=\"$(CONFIGURATION)$(EFFECTIVE_PLATFORM_NAME)\"'");
				GCC_SYMBOLS_PRIVATE_EXTERN = NO;
				INSTALL_PATH = "";
				OTHER_LDFLAGS = " ";
				OTHER_REZFLAGS = "";
				PRODUCT_NAME = ZERO_CHECK;
				SECTORDER_FLAGS = "";
				SYMROOT = /Users/giancedrickepilan/dev/native/ffmpegApp1/xcode;
				USE_HEADERMAP = NO;
				WARNING_CFLAGS = ("$(inherited)");
			};
			name = RelWithDebInfo;
		};
		1F3FB9D244484832B89EEB0E /* Debug */ = {
			isa = XCBuildConfiguration;
			buildSettings = {
				COMBINE_HIDPI_IMAGES = YES;
				GCC_GENERATE_DEBUGGING_SYMBOLS = YES;
				GCC_INLINES_ARE_PRIVATE_EXTERN = NO;
				GCC_OPTIMIZATION_LEVEL = 0;
				GCC_PREPROCESSOR_DEFINITIONS = ("'CMAKE_INTDIR=\"$(CONFIGURATION)$(EFFECTIVE_PLATFORM_NAME)\"'");
				GCC_SYMBOLS_PRIVATE_EXTERN = NO;
				INSTALL_PATH = "";
				OTHER_LDFLAGS = " ";
				OTHER_REZFLAGS = "";
				PRODUCT_NAME = install;
				SECTORDER_FLAGS = "";
				SYMROOT = /Users/giancedrickepilan/dev/native/ffmpegApp1/xcode;
				USE_HEADERMAP = NO;
				WARNING_CFLAGS = ("$(inherited)");
			};
			name = Debug;
		};
		2302EAB3236E4217B87F7E5C /* Release */ = {
			isa = XCBuildConfiguration;
			buildSettings = {
				ONLY_ACTIVE_ARCH = YES;
				SDKROOT = /Applications/Xcode.app/Contents/Developer/Platforms/MacOSX.platform/Developer/SDKs/MacOSX10.14.sdk;
				SYMROOT = /Users/giancedrickepilan/dev/native/ffmpegApp1/xcode/build;
			};
			name = Release;
		};
		32587F2F66834B8AA1E8BB4F /* RelWithDebInfo */ = {
			isa = XCBuildConfiguration;
			buildSettings = {
				COMBINE_HIDPI_IMAGES = YES;
				GCC_GENERATE_DEBUGGING_SYMBOLS = YES;
				GCC_INLINES_ARE_PRIVATE_EXTERN = NO;
				GCC_OPTIMIZATION_LEVEL = 0;
				GCC_PREPROCESSOR_DEFINITIONS = ("'CMAKE_INTDIR=\"$(CONFIGURATION)$(EFFECTIVE_PLATFORM_NAME)\"'");
				GCC_SYMBOLS_PRIVATE_EXTERN = NO;
				INSTALL_PATH = "";
				OTHER_LDFLAGS = " ";
				OTHER_REZFLAGS = "";
				PRODUCT_NAME = ALL_BUILD;
				SECTORDER_FLAGS = "";
				SYMROOT = /Users/giancedrickepilan/dev/native/ffmpegApp1/xcode;
				USE_HEADERMAP = NO;
				WARNING_CFLAGS = ("$(inherited)");
			};
			name = RelWithDebInfo;
		};
		5CA8786C484E4CA0AED3D207 /* Debug */ = {
			isa = XCBuildConfiguration;
			buildSettings = {
				COMBINE_HIDPI_IMAGES = YES;
				GCC_GENERATE_DEBUGGING_SYMBOLS = YES;
				GCC_INLINES_ARE_PRIVATE_EXTERN = NO;
				GCC_OPTIMIZATION_LEVEL = 0;
				GCC_PREPROCESSOR_DEFINITIONS = ("'CMAKE_INTDIR=\"$(CONFIGURATION)$(EFFECTIVE_PLATFORM_NAME)\"'");
				GCC_SYMBOLS_PRIVATE_EXTERN = NO;
				INSTALL_PATH = "";
				OTHER_LDFLAGS = " ";
				OTHER_REZFLAGS = "";
				PRODUCT_NAME = ZERO_CHECK;
				SECTORDER_FLAGS = "";
				SYMROOT = /Users/giancedrickepilan/dev/native/ffmpegApp1/xcode;
				USE_HEADERMAP = NO;
				WARNING_CFLAGS = ("$(inherited)");
			};
			name = Debug;
		};
		5E9316D2A09D47D0AECBC941 /* MinSizeRel */ = {
			isa = XCBuildConfiguration;
			buildSettings = {
				ONLY_ACTIVE_ARCH = YES;
				SDKROOT = /Applications/Xcode.app/Contents/Developer/Platforms/MacOSX.platform/Developer/SDKs/MacOSX10.14.sdk;
				SYMROOT = /Users/giancedrickepilan/dev/native/ffmpegApp1/xcode/build;
			};
			name = MinSizeRel;
		};
		6ACA1D33F91443A78B2F9C12 /* Debug */ = {
			isa = XCBuildConfiguration;
			buildSettings = {
				COMBINE_HIDPI_IMAGES = YES;
				EXECUTABLE_PREFIX = lib;
				EXECUTABLE_SUFFIX = .a;
				GCC_GENERATE_DEBUGGING_SYMBOLS = YES;
				GCC_INLINES_ARE_PRIVATE_EXTERN = NO;
				GCC_OPTIMIZATION_LEVEL = 0;
				GCC_PREPROCESSOR_DEFINITIONS = ("'CMAKE_INTDIR=\"$(CONFIGURATION)$(EFFECTIVE_PLATFORM_NAME)\"'",_GLFW_USE_CONFIG_H,GL_SILENCE_DEPRECATION);
				GCC_SYMBOLS_PRIVATE_EXTERN = NO;
				HEADER_SEARCH_PATHS = (/Users/giancedrickepilan/dev/native/ffmpegApp1/lib/glfw/include,/Users/giancedrickepilan/dev/native/ffmpegApp1/lib/glfw/src,/Users/giancedrickepilan/dev/native/ffmpegApp1/xcode/lib/glfw/src);
				INSTALL_PATH = "";
				LIBRARY_STYLE = STATIC;
				OTHER_CFLAGS = "   -fPIC -Wall '-std=c99'  ";
				OTHER_LIBTOOLFLAGS = " ";
				OTHER_REZFLAGS = "";
				PRODUCT_NAME = glfw3;
				SECTORDER_FLAGS = "";
				SYMROOT = /Users/giancedrickepilan/dev/native/ffmpegApp1/xcode/lib/glfw/src;
				USE_HEADERMAP = NO;
				WARNING_CFLAGS = ("$(inherited)");
			};
			name = Debug;
		};
		6D3091B3FC3A4347B8E7EC02 /* MinSizeRel */ = {
			isa = XCBuildConfiguration;
			buildSettings = {
				COMBINE_HIDPI_IMAGES = YES;
				EXECUTABLE_PREFIX = "";
				EXECUTABLE_SUFFIX = "";
				GCC_GENERATE_DEBUGGING_SYMBOLS = NO;
				GCC_INLINES_ARE_PRIVATE_EXTERN = NO;
				GCC_OPTIMIZATION_LEVEL = s;
				GCC_PREPROCESSOR_DEFINITIONS = ("'CMAKE_INTDIR=\"$(CONFIGURATION)$(EFFECTIVE_PLATFORM_NAME)\"'",GL_SILENCE_DEPRECATION);
				GCC_SYMBOLS_PRIVATE_EXTERN = NO;
				HEADER_SEARCH_PATHS = (/Users/giancedrickepilan/dev/native/ffmpegApp1/lib/glfw/include);
				INSTALL_PATH = "";
				LIBRARY_SEARCH_PATHS = "";
				OTHER_CPLUSPLUSFLAGS = " -std=c++14     -DNDEBUG '-std=gnu++14'  ";
				OTHER_LDFLAGS = "'-L/usr/local/Cellar/ffmpeg/4.2.2_2/lib' -lavcodec -lavformat -lavfilter -lavdevice -lavutil -lswresample -lswscale -Wl,-search_paths_first -Wl,-headerpad_max_install_names  /Users/giancedrickepilan/dev/native/ffmpegApp1/xcode/lib/glfw/src/MinSizeRel/libglfw3.a  -framework OpenGL  -framework Cocoa -framework IOKit -framework CoreFoundation";
				OTHER_REZFLAGS = "";
				PRODUCT_NAME = ffmpegApp1;
				SECTORDER_FLAGS = "";
				SYMROOT = /Users/giancedrickepilan/dev/native/ffmpegApp1/xcode;
				SYSTEM_HEADER_SEARCH_PATHS = (/usr/local/Cellar/ffmpeg/4.2.2_2/include);
				USE_HEADERMAP = NO;
				WARNING_CFLAGS = ("$(inherited)");
			};
			name = MinSizeRel;
		};
		718521BF2879431AA8B8EB1C /* Release */ = {
			isa = XCBuildConfiguration;
			buildSettings = {
				COMBINE_HIDPI_IMAGES = YES;
				GCC_GENERATE_DEBUGGING_SYMBOLS = YES;
				GCC_INLINES_ARE_PRIVATE_EXTERN = NO;
				GCC_OPTIMIZATION_LEVEL = 0;
				GCC_PREPROCESSOR_DEFINITIONS = ("'CMAKE_INTDIR=\"$(CONFIGURATION)$(EFFECTIVE_PLATFORM_NAME)\"'");
				GCC_SYMBOLS_PRIVATE_EXTERN = NO;
				INSTALL_PATH = "";
				OTHER_LDFLAGS = " ";
				OTHER_REZFLAGS = "";
				PRODUCT_NAME = ZERO_CHECK;
				SECTORDER_FLAGS = "";
				SYMROOT = /Users/giancedrickepilan/dev/native/ffmpegApp1/xcode;
				USE_HEADERMAP = NO;
				WARNING_CFLAGS = ("$(inherited)");
			};
			name = Release;
		};
		759FAA606153430D87C4381E /* Release */ = {
			isa = XCBuildConfiguration;
			buildSettings = {
				COMBINE_HIDPI_IMAGES = YES;
				GCC_GENERATE_DEBUGGING_SYMBOLS = YES;
				GCC_INLINES_ARE_PRIVATE_EXTERN = NO;
				GCC_OPTIMIZATION_LEVEL = 0;
				GCC_PREPROCESSOR_DEFINITIONS = ("'CMAKE_INTDIR=\"$(CONFIGURATION)$(EFFECTIVE_PLATFORM_NAME)\"'");
				GCC_SYMBOLS_PRIVATE_EXTERN = NO;
				INSTALL_PATH = "";
				OTHER_LDFLAGS = " ";
				OTHER_REZFLAGS = "";
				PRODUCT_NAME = ALL_BUILD;
				SECTORDER_FLAGS = "";
				SYMROOT = /Users/giancedrickepilan/dev/native/ffmpegApp1/xcode;
				USE_HEADERMAP = NO;
				WARNING_CFLAGS = ("$(inherited)");
			};
			name = Release;
		};
		7A8B9859BE6F448C87CD33B0 /* MinSizeRel */ = {
			isa = XCBuildConfiguration;
			buildSettings = {
				COMBINE_HIDPI_IMAGES = YES;
				GCC_GENERATE_DEBUGGING_SYMBOLS = YES;
				GCC_INLINES_ARE_PRIVATE_EXTERN = NO;
				GCC_OPTIMIZATION_LEVEL = 0;
				GCC_PREPROCESSOR_DEFINITIONS = ("'CMAKE_INTDIR=\"$(CONFIGURATION)$(EFFECTIVE_PLATFORM_NAME)\"'");
				GCC_SYMBOLS_PRIVATE_EXTERN = NO;
				INSTALL_PATH = "";
				OTHER_LDFLAGS = " ";
				OTHER_REZFLAGS = "";
				PRODUCT_NAME = ZERO_CHECK;
				SECTORDER_FLAGS = "";
				SYMROOT = /Users/giancedrickepilan/dev/native/ffmpegApp1/xcode;
				USE_HEADERMAP = NO;
				WARNING_CFLAGS = ("$(inherited)");
			};
			name = MinSizeRel;
		};
		9A1730A559334BD481E38D2D /* MinSizeRel */ = {
			isa = XCBuildConfiguration;
			buildSettings = {
				COMBINE_HIDPI_IMAGES = YES;
				GCC_GENERATE_DEBUGGING_SYMBOLS = YES;
				GCC_INLINES_ARE_PRIVATE_EXTERN = NO;
				GCC_OPTIMIZATION_LEVEL = 0;
				GCC_PREPROCESSOR_DEFINITIONS = ("'CMAKE_INTDIR=\"$(CONFIGURATION)$(EFFECTIVE_PLATFORM_NAME)\"'");
				GCC_SYMBOLS_PRIVATE_EXTERN = NO;
				INSTALL_PATH = "";
				OTHER_LDFLAGS = " ";
				OTHER_REZFLAGS = "";
				PRODUCT_NAME = install;
				SECTORDER_FLAGS = "";
				SYMROOT = /Users/giancedrickepilan/dev/native/ffmpegApp1/xcode;
				USE_HEADERMAP = NO;
				WARNING_CFLAGS = ("$(inherited)");
			};
			name = MinSizeRel;
		};
		9B59AFED7B3B414189D92BDC /* MinSizeRel */ = {
			isa = XCBuildConfiguration;
			buildSettings = {
				COMBINE_HIDPI_IMAGES = YES;
				GCC_GENERATE_DEBUGGING_SYMBOLS = YES;
				GCC_INLINES_ARE_PRIVATE_EXTERN = NO;
				GCC_OPTIMIZATION_LEVEL = 0;
				GCC_PREPROCESSOR_DEFINITIONS = ("'CMAKE_INTDIR=\"$(CONFIGURATION)$(EFFECTIVE_PLATFORM_NAME)\"'");
				GCC_SYMBOLS_PRIVATE_EXTERN = NO;
				INSTALL_PATH = "";
				OTHER_LDFLAGS = " ";
				OTHER_REZFLAGS = "";
				PRODUCT_NAME = ALL_BUILD;
				SECTORDER_FLAGS = "";
				SYMROOT = /Users/giancedrickepilan/dev/native/ffmpegApp1/xcode;
				USE_HEADERMAP = NO;
				WARNING_CFLAGS = ("$(inherited)");
			};
			name = MinSizeRel;
		};
		9F2893D23ED14353AD45D0FF /* RelWithDebInfo */ = {
			isa = XCBuildConfiguration;
			buildSettings = {
				ONLY_ACTIVE_ARCH = YES;
				SDKROOT = /Applications/Xcode.app/Contents/Developer/Platforms/MacOSX.platform/Developer/SDKs/MacOSX10.14.sdk;
				SYMROOT = /Users/giancedrickepilan/dev/native/ffmpegApp1/xcode/build;
			};
			name = RelWithDebInfo;
		};
		B4ADB5A4074B42D9B85B6A9C /* MinSizeRel */ = {
			isa = XCBuildConfiguration;
			buildSettings = {
				COMBINE_HIDPI_IMAGES = YES;
				GCC_GENERATE_DEBUGGING_SYMBOLS = YES;
				GCC_INLINES_ARE_PRIVATE_EXTERN = NO;
				GCC_OPTIMIZATION_LEVEL = 0;
				GCC_PREPROCESSOR_DEFINITIONS = ("'CMAKE_INTDIR=\"$(CONFIGURATION)$(EFFECTIVE_PLATFORM_NAME)\"'");
				GCC_SYMBOLS_PRIVATE_EXTERN = NO;
				INSTALL_PATH = "";
				OTHER_LDFLAGS = " ";
				OTHER_REZFLAGS = "";
				PRODUCT_NAME = uninstall;
				SECTORDER_FLAGS = "";
				SYMROOT = /Users/giancedrickepilan/dev/native/ffmpegApp1/xcode/lib/glfw;
				USE_HEADERMAP = NO;
				WARNING_CFLAGS = ("$(inherited)");
			};
			name = MinSizeRel;
		};
		B4B29CFB66BA49ACB40E6F6F /* MinSizeRel */ = {
			isa = XCBuildConfiguration;
			buildSettings = {
				COMBINE_HIDPI_IMAGES = YES;
				EXECUTABLE_PREFIX = lib;
				EXECUTABLE_SUFFIX = .a;
				GCC_GENERATE_DEBUGGING_SYMBOLS = NO;
				GCC_INLINES_ARE_PRIVATE_EXTERN = NO;
				GCC_OPTIMIZATION_LEVEL = s;
				GCC_PREPROCESSOR_DEFINITIONS = ("'CMAKE_INTDIR=\"$(CONFIGURATION)$(EFFECTIVE_PLATFORM_NAME)\"'",_GLFW_USE_CONFIG_H,GL_SILENCE_DEPRECATION);
				GCC_SYMBOLS_PRIVATE_EXTERN = NO;
				HEADER_SEARCH_PATHS = (/Users/giancedrickepilan/dev/native/ffmpegApp1/lib/glfw/include,/Users/giancedrickepilan/dev/native/ffmpegApp1/lib/glfw/src,/Users/giancedrickepilan/dev/native/ffmpegApp1/xcode/lib/glfw/src);
				INSTALL_PATH = "";
				LIBRARY_STYLE = STATIC;
				OTHER_CFLAGS = "    -DNDEBUG -fPIC -Wall '-std=c99'  ";
				OTHER_LIBTOOLFLAGS = " ";
				OTHER_REZFLAGS = "";
				PRODUCT_NAME = glfw3;
				SECTORDER_FLAGS = "";
				SYMROOT = /Users/giancedrickepilan/dev/native/ffmpegApp1/xcode/lib/glfw/src;
				USE_HEADERMAP = NO;
				WARNING_CFLAGS = ("$(inherited)");
			};
			name = MinSizeRel;
		};
		C0C9AD35AB65426D8C16AD8D /* Debug */ = {
			isa = XCBuildConfiguration;
			buildSettings = {
				ONLY_ACTIVE_ARCH = YES;
				SDKROOT = /Applications/Xcode.app/Contents/Developer/Platforms/MacOSX.platform/Developer/SDKs/MacOSX10.14.sdk;
				SYMROOT = /Users/giancedrickepilan/dev/native/ffmpegApp1/xcode/build;
			};
			name = Debug;
		};
		C6C2BBB1DD89416685A50C0C /* RelWithDebInfo */ = {
			isa = XCBuildConfiguration;
			buildSettings = {
				COMBINE_HIDPI_IMAGES = YES;
				EXECUTABLE_PREFIX = "";
				EXECUTABLE_SUFFIX = "";
				GCC_GENERATE_DEBUGGING_SYMBOLS = YES;
				GCC_INLINES_ARE_PRIVATE_EXTERN = NO;
				GCC_OPTIMIZATION_LEVEL = 2;
				GCC_PREPROCESSOR_DEFINITIONS = ("'CMAKE_INTDIR=\"$(CONFIGURATION)$(EFFECTIVE_PLATFORM_NAME)\"'",GL_SILENCE_DEPRECATION);
				GCC_SYMBOLS_PRIVATE_EXTERN = NO;
				HEADER_SEARCH_PATHS = (/Users/giancedrickepilan/dev/native/ffmpegApp1/lib/glfw/include);
				INSTALL_PATH = "";
				LIBRARY_SEARCH_PATHS = "";
				OTHER_CPLUSPLUSFLAGS = " -std=c++14        -DNDEBUG '-std=gnu++14'  ";
				OTHER_LDFLAGS = "'-L/usr/local/Cellar/ffmpeg/4.2.2_2/lib' -lavcodec -lavformat -lavfilter -lavdevice -lavutil -lswresample -lswscale -Wl,-search_paths_first -Wl,-headerpad_max_install_names  /Users/giancedrickepilan/dev/native/ffmpegApp1/xcode/lib/glfw/src/RelWithDebInfo/libglfw3.a  -framework OpenGL  -framework Cocoa -framework IOKit -framework CoreFoundation";
				OTHER_REZFLAGS = "";
				PRODUCT_NAME = ffmpegApp1;
				SECTORDER_FLAGS = "";
				SYMROOT = /Users/giancedrickepilan/dev/native/ffmpegApp1/xcode;
				SYSTEM_HEADER_SEARCH_PATHS = (/usr/local/Cellar/ffmpeg/4.2.2_2/include);
				USE_HEADERMAP = NO;
				WARNING_CFLAGS = ("$(inherited)");
			};
			name = RelWithDebInfo;
		};
		C82147FBA0D248FEA28726D5 /* Release */ = {
			isa = XCBuildConfiguration;
			buildSettings = {
				COMBINE_HIDPI_IMAGES = YES;
				GCC_GENERATE_DEBUGGING_SYMBOLS = YES;
				GCC_INLINES_ARE_PRIVATE_EXTERN = NO;
				GCC_OPTIMIZATION_LEVEL = 0;
				GCC_PREPROCESSOR_DEFINITIONS = ("'CMAKE_INTDIR=\"$(CONFIGURATION)$(EFFECTIVE_PLATFORM_NAME)\"'");
				GCC_SYMBOLS_PRIVATE_EXTERN = NO;
				INSTALL_PATH = "";
				OTHER_LDFLAGS = " ";
				OTHER_REZFLAGS = "";
				PRODUCT_NAME = uninstall;
				SECTORDER_FLAGS = "";
				SYMROOT = /Users/giancedrickepilan/dev/native/ffmpegApp1/xcode/lib/glfw;
				USE_HEADERMAP = NO;
				WARNING_CFLAGS = ("$(inherited)");
			};
			name = Release;
		};
		DB8A5CDBC4204E9CB50A0C93 /* Release */ = {
			isa = XCBuildConfiguration;
			buildSettings = {
				COMBINE_HIDPI_IMAGES = YES;
				GCC_GENERATE_DEBUGGING_SYMBOLS = YES;
				GCC_INLINES_ARE_PRIVATE_EXTERN = NO;
				GCC_OPTIMIZATION_LEVEL = 0;
				GCC_PREPROCESSOR_DEFINITIONS = ("'CMAKE_INTDIR=\"$(CONFIGURATION)$(EFFECTIVE_PLATFORM_NAME)\"'");
				GCC_SYMBOLS_PRIVATE_EXTERN = NO;
				INSTALL_PATH = "";
				OTHER_LDFLAGS = " ";
				OTHER_REZFLAGS = "";
				PRODUCT_NAME = install;
				SECTORDER_FLAGS = "";
				SYMROOT = /Users/giancedrickepilan/dev/native/ffmpegApp1/xcode;
				USE_HEADERMAP = NO;
				WARNING_CFLAGS = ("$(inherited)");
			};
			name = Release;
		};
		DBC78C8A969F4FE0B2CE341A /* RelWithDebInfo */ = {
			isa = XCBuildConfiguration;
			buildSettings = {
				COMBINE_HIDPI_IMAGES = YES;
				GCC_GENERATE_DEBUGGING_SYMBOLS = YES;
				GCC_INLINES_ARE_PRIVATE_EXTERN = NO;
				GCC_OPTIMIZATION_LEVEL = 0;
				GCC_PREPROCESSOR_DEFINITIONS = ("'CMAKE_INTDIR=\"$(CONFIGURATION)$(EFFECTIVE_PLATFORM_NAME)\"'");
				GCC_SYMBOLS_PRIVATE_EXTERN = NO;
				INSTALL_PATH = "";
				OTHER_LDFLAGS = " ";
				OTHER_REZFLAGS = "";
				PRODUCT_NAME = uninstall;
				SECTORDER_FLAGS = "";
				SYMROOT = /Users/giancedrickepilan/dev/native/ffmpegApp1/xcode/lib/glfw;
				USE_HEADERMAP = NO;
				WARNING_CFLAGS = ("$(inherited)");
			};
			name = RelWithDebInfo;
		};
		E4F4AD762E814D31A51FC6A1 /* Release */ = {
			isa = XCBuildConfiguration;
			buildSettings = {
				COMBINE_HIDPI_IMAGES = YES;
				EXECUTABLE_PREFIX = "";
				EXECUTABLE_SUFFIX = "";
				GCC_GENERATE_DEBUGGING_SYMBOLS = NO;
				GCC_INLINES_ARE_PRIVATE_EXTERN = NO;
				GCC_OPTIMIZATION_LEVEL = 3;
				GCC_PREPROCESSOR_DEFINITIONS = ("'CMAKE_INTDIR=\"$(CONFIGURATION)$(EFFECTIVE_PLATFORM_NAME)\"'",GL_SILENCE_DEPRECATION);
				GCC_SYMBOLS_PRIVATE_EXTERN = NO;
				HEADER_SEARCH_PATHS = (/Users/giancedrickepilan/dev/native/ffmpegApp1/lib/glfw/include);
				INSTALL_PATH = "";
				LIBRARY_SEARCH_PATHS = "";
				OTHER_CPLUSPLUSFLAGS = " -std=c++14     -DNDEBUG '-std=gnu++14'  ";
				OTHER_LDFLAGS = "'-L/usr/local/Cellar/ffmpeg/4.2.2_2/lib' -lavcodec -lavformat -lavfilter -lavdevice -lavutil -lswresample -lswscale -Wl,-search_paths_first -Wl,-headerpad_max_install_names  /Users/giancedrickepilan/dev/native/ffmpegApp1/xcode/lib/glfw/src/Release/libglfw3.a  -framework OpenGL  -framework Cocoa -framework IOKit -framework CoreFoundation";
				OTHER_REZFLAGS = "";
				PRODUCT_NAME = ffmpegApp1;
				SECTORDER_FLAGS = "";
				SYMROOT = /Users/giancedrickepilan/dev/native/ffmpegApp1/xcode;
				SYSTEM_HEADER_SEARCH_PATHS = (/usr/local/Cellar/ffmpeg/4.2.2_2/include);
				USE_HEADERMAP = NO;
				WARNING_CFLAGS = ("$(inherited)");
			};
			name = Release;
		};
		E77AFFCF261146ED880C5DB0 /* Debug */ = {
			isa = XCBuildConfiguration;
			buildSettings = {
				COMBINE_HIDPI_IMAGES = YES;
				GCC_GENERATE_DEBUGGING_SYMBOLS = YES;
				GCC_INLINES_ARE_PRIVATE_EXTERN = NO;
				GCC_OPTIMIZATION_LEVEL = 0;
				GCC_PREPROCESSOR_DEFINITIONS = ("'CMAKE_INTDIR=\"$(CONFIGURATION)$(EFFECTIVE_PLATFORM_NAME)\"'");
				GCC_SYMBOLS_PRIVATE_EXTERN = NO;
				INSTALL_PATH = "";
				OTHER_LDFLAGS = " ";
				OTHER_REZFLAGS = "";
				PRODUCT_NAME = uninstall;
				SECTORDER_FLAGS = "";
				SYMROOT = /Users/giancedrickepilan/dev/native/ffmpegApp1/xcode/lib/glfw;
				USE_HEADERMAP = NO;
				WARNING_CFLAGS = ("$(inherited)");
			};
			name = Debug;
		};
		E781ED3367CA429893653B52 /* RelWithDebInfo */ = {
			isa = XCBuildConfiguration;
			buildSettings = {
				COMBINE_HIDPI_IMAGES = YES;
				GCC_GENERATE_DEBUGGING_SYMBOLS = YES;
				GCC_INLINES_ARE_PRIVATE_EXTERN = NO;
				GCC_OPTIMIZATION_LEVEL = 0;
				GCC_PREPROCESSOR_DEFINITIONS = ("'CMAKE_INTDIR=\"$(CONFIGURATION)$(EFFECTIVE_PLATFORM_NAME)\"'");
				GCC_SYMBOLS_PRIVATE_EXTERN = NO;
				INSTALL_PATH = "";
				OTHER_LDFLAGS = " ";
				OTHER_REZFLAGS = "";
				PRODUCT_NAME = install;
				SECTORDER_FLAGS = "";
				SYMROOT = /Users/giancedrickepilan/dev/native/ffmpegApp1/xcode;
				USE_HEADERMAP = NO;
				WARNING_CFLAGS = ("$(inherited)");
			};
			name = RelWithDebInfo;
		};
		FF2EB9924D3E4585AFABEB29 /* Debug */ = {
			isa = XCBuildConfiguration;
			buildSettings = {
				COMBINE_HIDPI_IMAGES = YES;
				GCC_GENERATE_DEBUGGING_SYMBOLS = YES;
				GCC_INLINES_ARE_PRIVATE_EXTERN = NO;
				GCC_OPTIMIZATION_LEVEL = 0;
				GCC_PREPROCESSOR_DEFINITIONS = ("'CMAKE_INTDIR=\"$(CONFIGURATION)$(EFFECTIVE_PLATFORM_NAME)\"'");
				GCC_SYMBOLS_PRIVATE_EXTERN = NO;
				INSTALL_PATH = "";
				OTHER_LDFLAGS = " ";
				OTHER_REZFLAGS = "";
				PRODUCT_NAME = ALL_BUILD;
				SECTORDER_FLAGS = "";
				SYMROOT = /Users/giancedrickepilan/dev/native/ffmpegApp1/xcode;
				USE_HEADERMAP = NO;
				WARNING_CFLAGS = ("$(inherited)");
			};
			name = Debug;
		};
/* End XCBuildConfiguration section */

/* Begin XCConfigurationList section */
		01AEFE96CC77400CA3A80335 /* Build configuration list for PBXAggregateTarget "ALL_BUILD" */ = {
			isa = XCConfigurationList;
			buildConfigurations = (
				FF2EB9924D3E4585AFABEB29 /* Debug */,
				759FAA606153430D87C4381E /* Release */,
				9B59AFED7B3B414189D92BDC /* MinSizeRel */,
				32587F2F66834B8AA1E8BB4F /* RelWithDebInfo */,
			);
			defaultConfigurationIsVisible = 0;
			defaultConfigurationName = Debug;
		};
		52969949CAD644748C166BBC /* Build configuration list for PBXAggregateTarget "ZERO_CHECK" */ = {
			isa = XCConfigurationList;
			buildConfigurations = (
				5CA8786C484E4CA0AED3D207 /* Debug */,
				718521BF2879431AA8B8EB1C /* Release */,
				7A8B9859BE6F448C87CD33B0 /* MinSizeRel */,
				1E9D9118E6E24B6890D13CCA /* RelWithDebInfo */,
			);
			defaultConfigurationIsVisible = 0;
			defaultConfigurationName = Debug;
		};
		6A1B8AB819644BF6ACCF8825 /* Build configuration list for PBXNativeTarget "glfw" */ = {
			isa = XCConfigurationList;
			buildConfigurations = (
				6ACA1D33F91443A78B2F9C12 /* Debug */,
				1149A46040FF46E18DDF39EC /* Release */,
				B4B29CFB66BA49ACB40E6F6F /* MinSizeRel */,
				0893B647B2044AC087DB2ABB /* RelWithDebInfo */,
			);
			defaultConfigurationIsVisible = 0;
			defaultConfigurationName = Debug;
		};
		AB33F468FB8048D3BE864A57 /* Build configuration list for PBXProject "ffmpegApp1" */ = {
			isa = XCConfigurationList;
			buildConfigurations = (
				C0C9AD35AB65426D8C16AD8D /* Debug */,
				2302EAB3236E4217B87F7E5C /* Release */,
				5E9316D2A09D47D0AECBC941 /* MinSizeRel */,
				9F2893D23ED14353AD45D0FF /* RelWithDebInfo */,
			);
			defaultConfigurationIsVisible = 0;
			defaultConfigurationName = Debug;
		};
		B02C4A63C1E54F75A2AE1649 /* Build configuration list for PBXNativeTarget "ffmpegApp1" */ = {
			isa = XCConfigurationList;
			buildConfigurations = (
				164011F7F82F4D30B0D1AA0C /* Debug */,
				E4F4AD762E814D31A51FC6A1 /* Release */,
				6D3091B3FC3A4347B8E7EC02 /* MinSizeRel */,
				C6C2BBB1DD89416685A50C0C /* RelWithDebInfo */,
			);
			defaultConfigurationIsVisible = 0;
			defaultConfigurationName = Debug;
		};
		B76B56C3EF10413DB2E2D0C1 /* Build configuration list for PBXAggregateTarget "uninstall" */ = {
			isa = XCConfigurationList;
			buildConfigurations = (
				E77AFFCF261146ED880C5DB0 /* Debug */,
				C82147FBA0D248FEA28726D5 /* Release */,
				B4ADB5A4074B42D9B85B6A9C /* MinSizeRel */,
				DBC78C8A969F4FE0B2CE341A /* RelWithDebInfo */,
			);
			defaultConfigurationIsVisible = 0;
			defaultConfigurationName = Debug;
		};
		F2EF087902B54D5488ECCC66 /* Build configuration list for PBXAggregateTarget "install" */ = {
			isa = XCConfigurationList;
			buildConfigurations = (
				1F3FB9D244484832B89EEB0E /* Debug */,
				DB8A5CDBC4204E9CB50A0C93 /* Release */,
				9A1730A559334BD481E38D2D /* MinSizeRel */,
				E781ED3367CA429893653B52 /* RelWithDebInfo */,
			);
			defaultConfigurationIsVisible = 0;
			defaultConfigurationName = Debug;
		};
/* End XCConfigurationList section */
	};
	rootObject = B8E79FA955704CE0B5B819FB /* Project object */;
}
